
Microsoft Visual Studio Solution File, Format Version 12.00
# Visual Studio Version 17
VisualStudioVersion = 17.5.002.0
MinimumVisualStudioVersion = 10.0.40219.1
Project("{9A19103F-16F7-4668-BE54-9A1E7A4F7556}") = "Atividade", "Atividade\Atividade.csproj", "{7ACA0C27-FFC5-4CDA-9EA4-F54CED80E0AA}"
EndProject
Project("{2150E333-8FDC-42A3-9474-1A3956D46DE8}") = "backend", "backend", "{AE986A45-17F8-4792-88E6-5E5CB11E70D3}"
EndProject
Project("{9A19103F-16F7-4668-BE54-9A1E7A4F7556}") = "Atividade", "backend\Atividade\Atividade.csproj", "{8175B9BC-C136-4598-A56C-A8BFA231B2C4}"
EndProject
Global
	GlobalSection(SolutionConfigurationPlatforms) = preSolution
		Debug|Any CPU = Debug|Any CPU
		Release|Any CPU = Release|Any CPU
	EndGlobalSection
	GlobalSection(ProjectConfigurationPlatforms) = postSolution
		{7ACA0C27-FFC5-4CDA-9EA4-F54CED80E0AA}.Debug|Any CPU.ActiveCfg = Debug|Any CPU
		{7ACA0C27-FFC5-4CDA-9EA4-F54CED80E0AA}.Debug|Any CPU.Build.0 = Debug|Any CPU
		{7ACA0C27-FFC5-4CDA-9EA4-F54CED80E0AA}.Release|Any CPU.ActiveCfg = Release|Any CPU
		{7ACA0C27-FFC5-4CDA-9EA4-F54CED80E0AA}.Release|Any CPU.Build.0 = Release|Any CPU
		{8175B9BC-C136-4598-A56C-A8BFA231B2C4}.Debug|Any CPU.ActiveCfg = Debug|Any CPU
		{8175B9BC-C136-4598-A56C-A8BFA231B2C4}.Debug|Any CPU.Build.0 = Debug|Any CPU
		{8175B9BC-C136-4598-A56C-A8BFA231B2C4}.Release|Any CPU.ActiveCfg = Release|Any CPU
		{8175B9BC-C136-4598-A56C-A8BFA231B2C4}.Release|Any CPU.Build.0 = Release|Any CPU
	EndGlobalSection
	GlobalSection(SolutionProperties) = preSolution
		HideSolutionNode = FALSE
	EndGlobalSection
	GlobalSection(NestedProjects) = preSolution
		{8175B9BC-C136-4598-A56C-A8BFA231B2C4} = {AE986A45-17F8-4792-88E6-5E5CB11E70D3}
	EndGlobalSection
	GlobalSection(ExtensibilityGlobals) = postSolution
		SolutionGuid = {A4A8245F-2476-46E4-A721-24C3D236CB6E}
	EndGlobalSection
EndGlobal
